
Microsoft Visual Studio Solution File, Format Version 12.00
# Visual Studio Version 17
VisualStudioVersion = 17.9.34622.214
MinimumVisualStudioVersion = 10.0.40219.1
Project("{8BC9CEB8-8B4A-11D0-8D11-00A0C91BC942}") = "display_protocol", "display_protocol\display_protocol.vcxproj", "{C85F9FC7-3D2B-4372-BB97-4C28275A3DDA}"
EndProject
Project("{8BC9CEB8-8B4A-11D0-8D11-00A0C91BC942}") = "Sample-Test1", "Sample-Test1\Sample-Test1.vcxproj", "{395D426A-C614-484F-852D-80D27DA62BBB}"
EndProject
Project("{8BC9CEB8-8B4A-11D0-8D11-00A0C91BC942}") = "Sample-Test2", "Sample-Test2\Sample-Test2.vcxproj", "{70E6C272-BD90-4C9B-8022-FE8B8EFE119F}"
EndProject
Global
	GlobalSection(SolutionConfigurationPlatforms) = preSolution
		Debug|x64 = Debug|x64
		Debug|x86 = Debug|x86
		Release|x64 = Release|x64
		Release|x86 = Release|x86
	EndGlobalSection
	GlobalSection(ProjectConfigurationPlatforms) = postSolution
		{C85F9FC7-3D2B-4372-BB97-4C28275A3DDA}.Debug|x64.ActiveCfg = Debug|x64
		{C85F9FC7-3D2B-4372-BB97-4C28275A3DDA}.Debug|x64.Build.0 = Debug|x64
		{C85F9FC7-3D2B-4372-BB97-4C28275A3DDA}.Debug|x86.ActiveCfg = Debug|Win32
		{C85F9FC7-3D2B-4372-BB97-4C28275A3DDA}.Debug|x86.Build.0 = Debug|Win32
		{C85F9FC7-3D2B-4372-BB97-4C28275A3DDA}.Release|x64.ActiveCfg = Release|x64
		{C85F9FC7-3D2B-4372-BB97-4C28275A3DDA}.Release|x64.Build.0 = Release|x64
		{C85F9FC7-3D2B-4372-BB97-4C28275A3DDA}.Release|x86.ActiveCfg = Release|Win32
		{C85F9FC7-3D2B-4372-BB97-4C28275A3DDA}.Release|x86.Build.0 = Release|Win32
		{395D426A-C614-484F-852D-80D27DA62BBB}.Debug|x64.ActiveCfg = Debug|x64
		{395D426A-C614-484F-852D-80D27DA62BBB}.Debug|x64.Build.0 = Debug|x64
		{395D426A-C614-484F-852D-80D27DA62BBB}.Debug|x86.ActiveCfg = Debug|Win32
		{395D426A-C614-484F-852D-80D27DA62BBB}.Debug|x86.Build.0 = Debug|Win32
		{395D426A-C614-484F-852D-80D27DA62BBB}.Release|x64.ActiveCfg = Release|x64
		{395D426A-C614-484F-852D-80D27DA62BBB}.Release|x64.Build.0 = Release|x64
		{395D426A-C614-484F-852D-80D27DA62BBB}.Release|x86.ActiveCfg = Release|Win32
		{395D426A-C614-484F-852D-80D27DA62BBB}.Release|x86.Build.0 = Release|Win32
		{70E6C272-BD90-4C9B-8022-FE8B8EFE119F}.Debug|x64.ActiveCfg = Debug|x64
		{70E6C272-BD90-4C9B-8022-FE8B8EFE119F}.Debug|x64.Build.0 = Debug|x64
		{70E6C272-BD90-4C9B-8022-FE8B8EFE119F}.Debug|x86.ActiveCfg = Debug|Win32
		{70E6C272-BD90-4C9B-8022-FE8B8EFE119F}.Debug|x86.Build.0 = Debug|Win32
		{70E6C272-BD90-4C9B-8022-FE8B8EFE119F}.Release|x64.ActiveCfg = Release|x64
		{70E6C272-BD90-4C9B-8022-FE8B8EFE119F}.Release|x64.Build.0 = Release|x64
		{70E6C272-BD90-4C9B-8022-FE8B8EFE119F}.Release|x86.ActiveCfg = Release|Win32
		{70E6C272-BD90-4C9B-8022-FE8B8EFE119F}.Release|x86.Build.0 = Release|Win32
	EndGlobalSection
	GlobalSection(SolutionProperties) = preSolution
		HideSolutionNode = FALSE
	EndGlobalSection
	GlobalSection(ExtensibilityGlobals) = postSolution
		SolutionGuid = {5CCC8361-36F8-4169-8490-861931392F59}
	EndGlobalSection
EndGlobal
